
Microsoft Visual Studio Solution File, Format Version 12.00
# Visual Studio Version 16
VisualStudioVersion = 16.0.30711.63
MinimumVisualStudioVersion = 10.0.40219.1
Project("{FAE04EC0-301F-11D3-BF4B-00C04F79EFBC}") = "SmartTimer.Android", "SmartTimer\SmartTimer.Android\SmartTimer.Android.csproj", "{D235AA98-BAC2-4ACA-A924-A3171AC623C6}"
EndProject
Project("{FAE04EC0-301F-11D3-BF4B-00C04F79EFBC}") = "SmartTimer.iOS", "SmartTimer\SmartTimer.iOS\SmartTimer.iOS.csproj", "{99F1614C-6619-43D8-A5F1-67CEF26CC94A}"
EndProject
Project("{FAE04EC0-301F-11D3-BF4B-00C04F79EFBC}") = "SmartTimer", "SmartTimer\SmartTimer\SmartTimer.csproj", "{B669AB85-CB52-4B19-9905-A7553F204DE6}"
EndProject
Global
	GlobalSection(SolutionConfigurationPlatforms) = preSolution
		Debug|Any CPU = Debug|Any CPU
		Debug|iPhone = Debug|iPhone
		Debug|iPhoneSimulator = Debug|iPhoneSimulator
		Release|Any CPU = Release|Any CPU
		Release|iPhone = Release|iPhone
		Release|iPhoneSimulator = Release|iPhoneSimulator
	EndGlobalSection
	GlobalSection(ProjectConfigurationPlatforms) = postSolution
		{D235AA98-BAC2-4ACA-A924-A3171AC623C6}.Debug|Any CPU.ActiveCfg = Debug|Any CPU
		{D235AA98-BAC2-4ACA-A924-A3171AC623C6}.Debug|Any CPU.Build.0 = Debug|Any CPU
		{D235AA98-BAC2-4ACA-A924-A3171AC623C6}.Debug|Any CPU.Deploy.0 = Debug|Any CPU
		{D235AA98-BAC2-4ACA-A924-A3171AC623C6}.Debug|iPhone.ActiveCfg = Debug|Any CPU
		{D235AA98-BAC2-4ACA-A924-A3171AC623C6}.Debug|iPhone.Build.0 = Debug|Any CPU
		{D235AA98-BAC2-4ACA-A924-A3171AC623C6}.Debug|iPhone.Deploy.0 = Debug|Any CPU
		{D235AA98-BAC2-4ACA-A924-A3171AC623C6}.Debug|iPhoneSimulator.ActiveCfg = Debug|Any CPU
		{D235AA98-BAC2-4ACA-A924-A3171AC623C6}.Debug|iPhoneSimulator.Build.0 = Debug|Any CPU
		{D235AA98-BAC2-4ACA-A924-A3171AC623C6}.Debug|iPhoneSimulator.Deploy.0 = Debug|Any CPU
		{D235AA98-BAC2-4ACA-A924-A3171AC623C6}.Release|Any CPU.ActiveCfg = Release|Any CPU
		{D235AA98-BAC2-4ACA-A924-A3171AC623C6}.Release|Any CPU.Build.0 = Release|Any CPU
		{D235AA98-BAC2-4ACA-A924-A3171AC623C6}.Release|Any CPU.Deploy.0 = Release|Any CPU
		{D235AA98-BAC2-4ACA-A924-A3171AC623C6}.Release|iPhone.ActiveCfg = Release|Any CPU
		{D235AA98-BAC2-4ACA-A924-A3171AC623C6}.Release|iPhone.Build.0 = Release|Any CPU
		{D235AA98-BAC2-4ACA-A924-A3171AC623C6}.Release|iPhone.Deploy.0 = Release|Any CPU
		{D235AA98-BAC2-4ACA-A924-A3171AC623C6}.Release|iPhoneSimulator.ActiveCfg = Release|Any CPU
		{D235AA98-BAC2-4ACA-A924-A3171AC623C6}.Release|iPhoneSimulator.Build.0 = Release|Any CPU
		{D235AA98-BAC2-4ACA-A924-A3171AC623C6}.Release|iPhoneSimulator.Deploy.0 = Release|Any CPU
		{99F1614C-6619-43D8-A5F1-67CEF26CC94A}.Debug|Any CPU.ActiveCfg = Debug|iPhone
		{99F1614C-6619-43D8-A5F1-67CEF26CC94A}.Debug|Any CPU.Build.0 = Debug|iPhone
		{99F1614C-6619-43D8-A5F1-67CEF26CC94A}.Debug|Any CPU.Deploy.0 = Debug|iPhone
		{99F1614C-6619-43D8-A5F1-67CEF26CC94A}.Debug|iPhone.ActiveCfg = Debug|iPhone
		{99F1614C-6619-43D8-A5F1-67CEF26CC94A}.Debug|iPhone.Build.0 = Debug|iPhone
		{99F1614C-6619-43D8-A5F1-67CEF26CC94A}.Debug|iPhone.Deploy.0 = Debug|iPhone
		{99F1614C-6619-43D8-A5F1-67CEF26CC94A}.Debug|iPhoneSimulator.ActiveCfg = Debug|iPhoneSimulator
		{99F1614C-6619-43D8-A5F1-67CEF26CC94A}.Debug|iPhoneSimulator.Build.0 = Debug|iPhoneSimulator
		{99F1614C-6619-43D8-A5F1-67CEF26CC94A}.Debug|iPhoneSimulator.Deploy.0 = Debug|iPhoneSimulator
		{99F1614C-6619-43D8-A5F1-67CEF26CC94A}.Release|Any CPU.ActiveCfg = Release|iPhoneSimulator
		{99F1614C-6619-43D8-A5F1-67CEF26CC94A}.Release|Any CPU.Build.0 = Release|iPhoneSimulator
		{99F1614C-6619-43D8-A5F1-67CEF26CC94A}.Release|Any CPU.Deploy.0 = Release|iPhoneSimulator
		{99F1614C-6619-43D8-A5F1-67CEF26CC94A}.Release|iPhone.ActiveCfg = Release|iPhone
		{99F1614C-6619-43D8-A5F1-67CEF26CC94A}.Release|iPhone.Build.0 = Release|iPhone
		{99F1614C-6619-43D8-A5F1-67CEF26CC94A}.Release|iPhone.Deploy.0 = Release|iPhone
		{99F1614C-6619-43D8-A5F1-67CEF26CC94A}.Release|iPhoneSimulator.ActiveCfg = Release|iPhoneSimulator
		{99F1614C-6619-43D8-A5F1-67CEF26CC94A}.Release|iPhoneSimulator.Build.0 = Release|iPhoneSimulator
		{99F1614C-6619-43D8-A5F1-67CEF26CC94A}.Release|iPhoneSimulator.Deploy.0 = Release|iPhoneSimulator
		{B669AB85-CB52-4B19-9905-A7553F204DE6}.Debug|Any CPU.ActiveCfg = Debug|Any CPU
		{B669AB85-CB52-4B19-9905-A7553F204DE6}.Debug|Any CPU.Build.0 = Debug|Any CPU
		{B669AB85-CB52-4B19-9905-A7553F204DE6}.Debug|Any CPU.Deploy.0 = Debug|Any CPU
		{B669AB85-CB52-4B19-9905-A7553F204DE6}.Debug|iPhone.ActiveCfg = Debug|Any CPU
		{B669AB85-CB52-4B19-9905-A7553F204DE6}.Debug|iPhone.Build.0 = Debug|Any CPU
		{B669AB85-CB52-4B19-9905-A7553F204DE6}.Debug|iPhone.Deploy.0 = Debug|Any CPU
		{B669AB85-CB52-4B19-9905-A7553F204DE6}.Debug|iPhoneSimulator.ActiveCfg = Debug|Any CPU
		{B669AB85-CB52-4B19-9905-A7553F204DE6}.Debug|iPhoneSimulator.Build.0 = Debug|Any CPU
		{B669AB85-CB52-4B19-9905-A7553F204DE6}.Debug|iPhoneSimulator.Deploy.0 = Debug|Any CPU
		{B669AB85-CB52-4B19-9905-A7553F204DE6}.Release|Any CPU.ActiveCfg = Release|Any CPU
		{B669AB85-CB52-4B19-9905-A7553F204DE6}.Release|Any CPU.Build.0 = Release|Any CPU
		{B669AB85-CB52-4B19-9905-A7553F204DE6}.Release|Any CPU.Deploy.0 = Release|Any CPU
		{B669AB85-CB52-4B19-9905-A7553F204DE6}.Release|iPhone.ActiveCfg = Release|Any CPU
		{B669AB85-CB52-4B19-9905-A7553F204DE6}.Release|iPhone.Build.0 = Release|Any CPU
		{B669AB85-CB52-4B19-9905-A7553F204DE6}.Release|iPhone.Deploy.0 = Release|Any CPU
		{B669AB85-CB52-4B19-9905-A7553F204DE6}.Release|iPhoneSimulator.ActiveCfg = Release|Any CPU
		{B669AB85-CB52-4B19-9905-A7553F204DE6}.Release|iPhoneSimulator.Build.0 = Release|Any CPU
		{B669AB85-CB52-4B19-9905-A7553F204DE6}.Release|iPhoneSimulator.Deploy.0 = Release|Any CPU
	EndGlobalSection
	GlobalSection(SolutionProperties) = preSolution
		HideSolutionNode = FALSE
	EndGlobalSection
	GlobalSection(ExtensibilityGlobals) = postSolution
		SolutionGuid = {E1D9B516-6059-4E43-B8F3-D3C20191B35A}
	EndGlobalSection
EndGlobal
